// !$*UTF8*$!
{
	archiveVersion = 1;
	classes = {
	};
	objectVersion = 50;
	objects = {

/* Begin PBXBuildFile section */
		639D0FF0257F6F31000AD7C8 /* Assets.xcassets in Resources */ = {isa = PBXBuildFile; fileRef = 639D0FEF257F6F31000AD7C8 /* Assets.xcassets */; };
		639D0FF7257F6F31000AD7C8 /* TestIMessageApp MessagesExtension.appex in Embed App Extensions */ = {isa = PBXBuildFile; fileRef = 639D0FF6257F6F31000AD7C8 /* TestIMessageApp MessagesExtension.appex */; settings = {ATTRIBUTES = (RemoveHeadersOnCopy, ); }; };
		639D0FFC257F6F31000AD7C8 /* Messages.framework in Frameworks */ = {isa = PBXBuildFile; fileRef = 639D0FFB257F6F31000AD7C8 /* Messages.framework */; };
		639D0FFF257F6F31000AD7C8 /* MessagesViewController.swift in Sources */ = {isa = PBXBuildFile; fileRef = 639D0FFE257F6F31000AD7C8 /* MessagesViewController.swift */; };
		639D1002257F6F31000AD7C8 /* MainInterface.storyboard in Resources */ = {isa = PBXBuildFile; fileRef = 639D1000257F6F31000AD7C8 /* MainInterface.storyboard */; };
		639D1004257F6F33000AD7C8 /* Assets.xcassets in Resources */ = {isa = PBXBuildFile; fileRef = 639D1003257F6F33000AD7C8 /* Assets.xcassets */; };
/* End PBXBuildFile section */

/* Begin PBXContainerItemProxy section */
		639D0FF8257F6F31000AD7C8 /* PBXContainerItemProxy */ = {
			isa = PBXContainerItemProxy;
			containerPortal = 639D0FE6257F6F2C000AD7C8 /* Project object */;
			proxyType = 1;
			remoteGlobalIDString = 639D0FF5257F6F31000AD7C8;
			remoteInfo = "TestIMessageApp MessagesExtension";
		};
/* End PBXContainerItemProxy section */

/* Begin PBXCopyFilesBuildPhase section */
		639D100B257F6F33000AD7C8 /* Embed App Extensions */ = {
			isa = PBXCopyFilesBuildPhase;
			buildActionMask = 2147483647;
			dstPath = "";
			dstSubfolderSpec = 13;
			files = (
				639D0FF7257F6F31000AD7C8 /* TestIMessageApp MessagesExtension.appex in Embed App Extensions */,
			);
			name = "Embed App Extensions";
			runOnlyForDeploymentPostprocessing = 0;
		};
/* End PBXCopyFilesBuildPhase section */

/* Begin PBXFileReference section */
		639D0FEC257F6F2C000AD7C8 /* TestIMessageApp.app */ = {isa = PBXFileReference; explicitFileType = wrapper.application; includeInIndex = 0; path = TestIMessageApp.app; sourceTree = BUILT_PRODUCTS_DIR; };
		639D0FEF257F6F31000AD7C8 /* Assets.xcassets */ = {isa = PBXFileReference; lastKnownFileType = folder.assetcatalog; path = Assets.xcassets; sourceTree = "<group>"; };
		639D0FF1257F6F31000AD7C8 /* Info.plist */ = {isa = PBXFileReference; lastKnownFileType = text.plist.xml; path = Info.plist; sourceTree = "<group>"; };
		639D0FF6257F6F31000AD7C8 /* TestIMessageApp MessagesExtension.appex */ = {isa = PBXFileReference; explicitFileType = "wrapper.app-extension"; includeInIndex = 0; path = "TestIMessageApp MessagesExtension.appex"; sourceTree = BUILT_PRODUCTS_DIR; };
		639D0FFB257F6F31000AD7C8 /* Messages.framework */ = {isa = PBXFileReference; lastKnownFileType = wrapper.framework; name = Messages.framework; path = System/Library/Frameworks/Messages.framework; sourceTree = SDKROOT; };
		639D0FFE257F6F31000AD7C8 /* MessagesViewController.swift */ = {isa = PBXFileReference; lastKnownFileType = sourcecode.swift; path = MessagesViewController.swift; sourceTree = "<group>"; };
		639D1001257F6F31000AD7C8 /* Base */ = {isa = PBXFileReference; lastKnownFileType = file.storyboard; name = Base; path = Base.lproj/MainInterface.storyboard; sourceTree = "<group>"; };
		639D1003257F6F33000AD7C8 /* Assets.xcassets */ = {isa = PBXFileReference; lastKnownFileType = folder.assetcatalog; path = Assets.xcassets; sourceTree = "<group>"; };
		639D1005257F6F33000AD7C8 /* Info.plist */ = {isa = PBXFileReference; lastKnownFileType = text.plist.xml; path = Info.plist; sourceTree = "<group>"; };
/* End PBXFileReference section */

/* Begin PBXFrameworksBuildPhase section */
		639D0FF3257F6F31000AD7C8 /* Frameworks */ = {
			isa = PBXFrameworksBuildPhase;
			buildActionMask = 2147483647;
			files = (
				639D0FFC257F6F31000AD7C8 /* Messages.framework in Frameworks */,
			);
			runOnlyForDeploymentPostprocessing = 0;
		};
/* End PBXFrameworksBuildPhase section */

/* Begin PBXGroup section */
		639D0FE5257F6F2C000AD7C8 = {
			isa = PBXGroup;
			children = (
				639D0FEE257F6F2C000AD7C8 /* TestIMessageApp */,
				639D0FFD257F6F31000AD7C8 /* TestIMessageApp MessagesExtension */,
				639D0FFA257F6F31000AD7C8 /* Frameworks */,
				639D0FED257F6F2C000AD7C8 /* Products */,
			);
			sourceTree = "<group>";
		};
		639D0FED257F6F2C000AD7C8 /* Products */ = {
			isa = PBXGroup;
			children = (
				639D0FEC257F6F2C000AD7C8 /* TestIMessageApp.app */,
				639D0FF6257F6F31000AD7C8 /* TestIMessageApp MessagesExtension.appex */,
			);
			name = Products;
			sourceTree = "<group>";
		};
		639D0FEE257F6F2C000AD7C8 /* TestIMessageApp */ = {
			isa = PBXGroup;
			children = (
				639D0FEF257F6F31000AD7C8 /* Assets.xcassets */,
				639D0FF1257F6F31000AD7C8 /* Info.plist */,
			);
			path = TestIMessageApp;
			sourceTree = "<group>";
		};
		639D0FFA257F6F31000AD7C8 /* Frameworks */ = {
			isa = PBXGroup;
			children = (
				639D0FFB257F6F31000AD7C8 /* Messages.framework */,
			);
			name = Frameworks;
			sourceTree = "<group>";
		};
		639D0FFD257F6F31000AD7C8 /* TestIMessageApp MessagesExtension */ = {
			isa = PBXGroup;
			children = (
				639D0FFE257F6F31000AD7C8 /* MessagesViewController.swift */,
				639D1000257F6F31000AD7C8 /* MainInterface.storyboard */,
				639D1003257F6F33000AD7C8 /* Assets.xcassets */,
				639D1005257F6F33000AD7C8 /* Info.plist */,
			);
			path = "TestIMessageApp MessagesExtension";
			sourceTree = "<group>";
		};
/* End PBXGroup section */

/* Begin PBXNativeTarget section */
		639D0FEB257F6F2C000AD7C8 /* TestIMessageApp */ = {
			isa = PBXNativeTarget;
			buildConfigurationList = 639D100C257F6F33000AD7C8 /* Build configuration list for PBXNativeTarget "TestIMessageApp" */;
			buildPhases = (
				639D0FEA257F6F2C000AD7C8 /* Resources */,
				639D100B257F6F33000AD7C8 /* Embed App Extensions */,
			);
			buildRules = (
			);
			dependencies = (
				639D0FF9257F6F31000AD7C8 /* PBXTargetDependency */,
			);
			name = TestIMessageApp;
			productName = TestIMessageApp;
			productReference = 639D0FEC257F6F2C000AD7C8 /* TestIMessageApp.app */;
			productType = "com.apple.product-type.application.messages";
		};
		639D0FF5257F6F31000AD7C8 /* TestIMessageApp MessagesExtension */ = {
			isa = PBXNativeTarget;
			buildConfigurationList = 639D1008257F6F33000AD7C8 /* Build configuration list for PBXNativeTarget "TestIMessageApp MessagesExtension" */;
			buildPhases = (
				639D0FF2257F6F31000AD7C8 /* Sources */,
				639D0FF3257F6F31000AD7C8 /* Frameworks */,
				639D0FF4257F6F31000AD7C8 /* Resources */,
			);
			buildRules = (
			);
			dependencies = (
			);
			name = "TestIMessageApp MessagesExtension";
			productName = "TestIMessageApp MessagesExtension";
			productReference = 639D0FF6257F6F31000AD7C8 /* TestIMessageApp MessagesExtension.appex */;
			productType = "com.apple.product-type.app-extension.messages";
		};
/* End PBXNativeTarget section */

/* Begin PBXProject section */
		639D0FE6257F6F2C000AD7C8 /* Project object */ = {
			isa = PBXProject;
			attributes = {
				LastSwiftUpdateCheck = 1110;
				LastUpgradeCheck = 1110;
				ORGANIZATIONNAME = NguyenCaoThiem;
				TargetAttributes = {
					639D0FEB257F6F2C000AD7C8 = {
						CreatedOnToolsVersion = 11.1;
					};
					639D0FF5257F6F31000AD7C8 = {
						CreatedOnToolsVersion = 11.1;
					};
				};
			};
			buildConfigurationList = 639D0FE9257F6F2C000AD7C8 /* Build configuration list for PBXProject "TestIMessageApp" */;
			compatibilityVersion = "Xcode 9.3";
			developmentRegion = en;
			hasScannedForEncodings = 0;
			knownRegions = (
				en,
				Base,
			);
			mainGroup = 639D0FE5257F6F2C000AD7C8;
			productRefGroup = 639D0FED257F6F2C000AD7C8 /* Products */;
			projectDirPath = "";
			projectRoot = "";
			targets = (
				639D0FEB257F6F2C000AD7C8 /* TestIMessageApp */,
				639D0FF5257F6F31000AD7C8 /* TestIMessageApp MessagesExtension */,
			);
		};
/* End PBXProject section */

/* Begin PBXResourcesBuildPhase section */
		639D0FEA257F6F2C000AD7C8 /* Resources */ = {
			isa = PBXResourcesBuildPhase;
			buildActionMask = 2147483647;
			files = (
				639D0FF0257F6F31000AD7C8 /* Assets.xcassets in Resources */,
			);
			runOnlyForDeploymentPostprocessing = 0;
		};
		639D0FF4257F6F31000AD7C8 /* Resources */ = {
			isa = PBXResourcesBuildPhase;
			buildActionMask = 2147483647;
			files = (
				639D1004257F6F33000AD7C8 /* Assets.xcassets in Resources */,
				639D1002257F6F31000AD7C8 /* MainInterface.storyboard in Resources */,
			);
			runOnlyForDeploymentPostprocessing = 0;
		};
/* End PBXResourcesBuildPhase section */

/* Begin PBXSourcesBuildPhase section */
		639D0FF2257F6F31000AD7C8 /* Sources */ = {
			isa = PBXSourcesBuildPhase;
			buildActionMask = 2147483647;
			files = (
				639D0FFF257F6F31000AD7C8 /* MessagesViewController.swift in Sources */,
			);
			runOnlyForDeploymentPostprocessing = 0;
		};
/* End PBXSourcesBuildPhase section */

/* Begin PBXTargetDependency section */
		639D0FF9257F6F31000AD7C8 /* PBXTargetDependency */ = {
			isa = PBXTargetDependency;
			target = 639D0FF5257F6F31000AD7C8 /* TestIMessageApp MessagesExtension */;
			targetProxy = 639D0FF8257F6F31000AD7C8 /* PBXContainerItemProxy */;
		};
/* End PBXTargetDependency section */

/* Begin PBXVariantGroup section */
		639D1000257F6F31000AD7C8 /* MainInterface.storyboard */ = {
			isa = PBXVariantGroup;
			children = (
				639D1001257F6F31000AD7C8 /* Base */,
			);
			name = MainInterface.storyboard;
			sourceTree = "<group>";
		};
/* End PBXVariantGroup section */

/* Begin XCBuildConfiguration section */
		639D1006257F6F33000AD7C8 /* Debug */ = {
			isa = XCBuildConfiguration;
			buildSettings = {
				ALWAYS_SEARCH_USER_PATHS = NO;
				CLANG_ANALYZER_NONNULL = YES;
				CLANG_ANALYZER_NUMBER_OBJECT_CONVERSION = YES_AGGRESSIVE;
				CLANG_CXX_LANGUAGE_STANDARD = "gnu++14";
				CLANG_CXX_LIBRARY = "libc++";
				CLANG_ENABLE_MODULES = YES;
				CLANG_ENABLE_OBJC_ARC = YES;
				CLANG_ENABLE_OBJC_WEAK = YES;
				CLANG_WARN_BLOCK_CAPTURE_AUTORELEASING = YES;
				CLANG_WARN_BOOL_CONVERSION = YES;
				CLANG_WARN_COMMA = YES;
				CLANG_WARN_CONSTANT_CONVERSION = YES;
				CLANG_WARN_DEPRECATED_OBJC_IMPLEMENTATIONS = YES;
				CLANG_WARN_DIRECT_OBJC_ISA_USAGE = YES_ERROR;
				CLANG_WARN_DOCUMENTATION_COMMENTS = YES;
				CLANG_WARN_EMPTY_BODY = YES;
				CLANG_WARN_ENUM_CONVERSION = YES;
				CLANG_WARN_INFINITE_RECURSION = YES;
				CLANG_WARN_INT_CONVERSION = YES;
				CLANG_WARN_NON_LITERAL_NULL_CONVERSION = YES;
				CLANG_WARN_OBJC_IMPLICIT_RETAIN_SELF = YES;
				CLANG_WARN_OBJC_LITERAL_CONVERSION = YES;
				CLANG_WARN_OBJC_ROOT_CLASS = YES_ERROR;
				CLANG_WARN_RANGE_LOOP_ANALYSIS = YES;
				CLANG_WARN_STRICT_PROTOTYPES = YES;
				CLANG_WARN_SUSPICIOUS_MOVE = YES;
				CLANG_WARN_UNGUARDED_AVAILABILITY = YES_AGGRESSIVE;
				CLANG_WARN_UNREACHABLE_CODE = YES;
				CLANG_WARN__DUPLICATE_METHOD_MATCH = YES;
				COPY_PHASE_STRIP = NO;
				DEBUG_INFORMATION_FORMAT = dwarf;
				ENABLE_STRICT_OBJC_MSGSEND = YES;
				ENABLE_TESTABILITY = YES;
				GCC_C_LANGUAGE_STANDARD = gnu11;
				GCC_DYNAMIC_NO_PIC = NO;
				GCC_NO_COMMON_BLOCKS = YES;
				GCC_OPTIMIZATION_LEVEL = 0;
				GCC_PREPROCESSOR_DEFINITIONS = (
					"DEBUG=1",
					"$(inherited)",
				);
				GCC_WARN_64_TO_32_BIT_CONVERSION = YES;
				GCC_WARN_ABOUT_RETURN_TYPE = YES_ERROR;
				GCC_WARN_UNDECLARED_SELECTOR = YES;
				GCC_WARN_UNINITIALIZED_AUTOS = YES_AGGRESSIVE;
				GCC_WARN_UNUSED_FUNCTION = YES;
				GCC_WARN_UNUSED_VARIABLE = YES;
				IPHONEOS_DEPLOYMENT_TARGET = 13.1;
				MTL_ENABLE_DEBUG_INFO = INCLUDE_SOURCE;
				MTL_FAST_MATH = YES;
				ONLY_ACTIVE_ARCH = YES;
				SDKROOT = iphoneos;
				SWIFT_ACTIVE_COMPILATION_CONDITIONS = DEBUG;
				SWIFT_OPTIMIZATION_LEVEL = "-Onone";
			};
			name = Debug;
		};
		639D1007257F6F33000AD7C8 /* Release */ = {
			isa = XCBuildConfiguration;
			buildSettings = {
				ALWAYS_SEARCH_USER_PATHS = NO;
				CLANG_ANALYZER_NONNULL = YES;
				CLANG_ANALYZER_NUMBER_OBJECT_CONVERSION = YES_AGGRESSIVE;
				CLANG_CXX_LANGUAGE_STANDARD = "gnu++14";
				CLANG_CXX_LIBRARY = "libc++";
				CLANG_ENABLE_MODULES = YES;
				CLANG_ENABLE_OBJC_ARC = YES;
				CLANG_ENABLE_OBJC_WEAK = YES;
				CLANG_WARN_BLOCK_CAPTURE_AUTORELEASING = YES;
				CLANG_WARN_BOOL_CONVERSION = YES;
				CLANG_WARN_COMMA = YES;
				CLANG_WARN_CONSTANT_CONVERSION = YES;
				CLANG_WARN_DEPRECATED_OBJC_IMPLEMENTATIONS = YES;
				CLANG_WARN_DIRECT_OBJC_ISA_USAGE = YES_ERROR;
				CLANG_WARN_DOCUMENTATION_COMMENTS = YES;
				CLANG_WARN_EMPTY_BODY = YES;
				CLANG_WARN_ENUM_CONVERSION = YES;
				CLANG_WARN_INFINITE_RECURSION = YES;
				CLANG_WARN_INT_CONVERSION = YES;
				CLANG_WARN_NON_LITERAL_NULL_CONVERSION = YES;
				CLANG_WARN_OBJC_IMPLICIT_RETAIN_SELF = YES;
				CLANG_WARN_OBJC_LITERAL_CONVERSION = YES;
				CLANG_WARN_OBJC_ROOT_CLASS = YES_ERROR;
				CLANG_WARN_RANGE_LOOP_ANALYSIS = YES;
				CLANG_WARN_STRICT_PROTOTYPES = YES;
				CLANG_WARN_SUSPICIOUS_MOVE = YES;
				CLANG_WARN_UNGUARDED_AVAILABILITY = YES_AGGRESSIVE;
				CLANG_WARN_UNREACHABLE_CODE = YES;
				CLANG_WARN__DUPLICATE_METHOD_MATCH = YES;
				COPY_PHASE_STRIP = NO;
				DEBUG_INFORMATION_FORMAT = "dwarf-with-dsym";
				ENABLE_NS_ASSERTIONS = NO;
				ENABLE_STRICT_OBJC_MSGSEND = YES;
				GCC_C_LANGUAGE_STANDARD = gnu11;
				GCC_NO_COMMON_BLOCKS = YES;
				GCC_WARN_64_TO_32_BIT_CONVERSION = YES;
				GCC_WARN_ABOUT_RETURN_TYPE = YES_ERROR;
				GCC_WARN_UNDECLARED_SELECTOR = YES;
				GCC_WARN_UNINITIALIZED_AUTOS = YES_AGGRESSIVE;
				GCC_WARN_UNUSED_FUNCTION = YES;
				GCC_WARN_UNUSED_VARIABLE = YES;
				IPHONEOS_DEPLOYMENT_TARGET = 13.1;
				MTL_ENABLE_DEBUG_INFO = NO;
				MTL_FAST_MATH = YES;
				SDKROOT = iphoneos;
				SWIFT_COMPILATION_MODE = wholemodule;
				SWIFT_OPTIMIZATION_LEVEL = "-O";
				VALIDATE_PRODUCT = YES;
			};
			name = Release;
		};
		639D1009257F6F33000AD7C8 /* Debug */ = {
			isa = XCBuildConfiguration;
			buildSettings = {
				ASSETCATALOG_COMPILER_APPICON_NAME = "iMessage App Icon";
				CODE_SIGN_STYLE = Automatic;
				INFOPLIST_FILE = "TestIMessageApp MessagesExtension/Info.plist";
				LD_RUNPATH_SEARCH_PATHS = (
					"$(inherited)",
					"@executable_path/Frameworks",
					"@executable_path/../../Frameworks",
				);
				PRODUCT_BUNDLE_IDENTIFIER = jasonT.TestIMessageApp.MessagesExtension;
				PRODUCT_NAME = "$(TARGET_NAME)";
				SKIP_INSTALL = YES;
				SWIFT_VERSION = 5.0;
				TARGETED_DEVICE_FAMILY = "1,2";
			};
			name = Debug;
		};
		639D100A257F6F33000AD7C8 /* Release */ = {
			isa = XCBuildConfiguration;
			buildSettings = {
				ASSETCATALOG_COMPILER_APPICON_NAME = "iMessage App Icon";
				CODE_SIGN_STYLE = Automatic;
				INFOPLIST_FILE = "TestIMessageApp MessagesExtension/Info.plist";
				LD_RUNPATH_SEARCH_PATHS = (
					"$(inherited)",
					"@executable_path/Frameworks",
					"@executable_path/../../Frameworks",
				);
				PRODUCT_BUNDLE_IDENTIFIER = jasonT.TestIMessageApp.MessagesExtension;
				PRODUCT_NAME = "$(TARGET_NAME)";
				SKIP_INSTALL = YES;
				SWIFT_VERSION = 5.0;
				TARGETED_DEVICE_FAMILY = "1,2";
			};
			name = Release;
		};
		639D100D257F6F33000AD7C8 /* Debug */ = {
			isa = XCBuildConfiguration;
			buildSettings = {
				ALWAYS_EMBED_SWIFT_STANDARD_LIBRARIES = YES;
				ASSETCATALOG_COMPILER_APPICON_NAME = AppIcon;
				CODE_SIGN_STYLE = Automatic;
				INFOPLIST_FILE = TestIMessageApp/Info.plist;
				PRODUCT_BUNDLE_IDENTIFIER = jasonT.TestIMessageApp;
				PRODUCT_NAME = "$(TARGET_NAME)";
				SWIFT_VERSION = 5.0;
				TARGETED_DEVICE_FAMILY = "1,2";
			};
			name = Debug;
		};
		639D100E257F6F33000AD7C8 /* Release */ = {
			isa = XCBuildConfiguration;
			buildSettings = {
				ALWAYS_EMBED_SWIFT_STANDARD_LIBRARIES = YES;
				ASSETCATALOG_COMPILER_APPICON_NAME = AppIcon;
				CODE_SIGN_STYLE = Automatic;
				INFOPLIST_FILE = TestIMessageApp/Info.plist;
				PRODUCT_BUNDLE_IDENTIFIER = jasonT.TestIMessageApp;
				PRODUCT_NAME = "$(TARGET_NAME)";
				SWIFT_VERSION = 5.0;
				TARGETED_DEVICE_FAMILY = "1,2";
			};
			name = Release;
		};
/* End XCBuildConfiguration section */

/* Begin XCConfigurationList section */
		639D0FE9257F6F2C000AD7C8 /* Build configuration list for PBXProject "TestIMessageApp" */ = {
			isa = XCConfigurationList;
			buildConfigurations = (
				639D1006257F6F33000AD7C8 /* Debug */,
				639D1007257F6F33000AD7C8 /* Release */,
			);
			defaultConfigurationIsVisible = 0;
			defaultConfigurationName = Release;
		};
		639D1008257F6F33000AD7C8 /* Build configuration list for PBXNativeTarget "TestIMessageApp MessagesExtension" */ = {
			isa = XCConfigurationList;
			buildConfigurations = (
				639D1009257F6F33000AD7C8 /* Debug */,
				639D100A257F6F33000AD7C8 /* Release */,
			);
			defaultConfigurationIsVisible = 0;
			defaultConfigurationName = Release;
		};
		639D100C257F6F33000AD7C8 /* Build configuration list for PBXNativeTarget "TestIMessageApp" */ = {
			isa = XCConfigurationList;
			buildConfigurations = (
				639D100D257F6F33000AD7C8 /* Debug */,
				639D100E257F6F33000AD7C8 /* Release */,
			);
			defaultConfigurationIsVisible = 0;
			defaultConfigurationName = Release;
		};
/* End XCConfigurationList section */
	};
	rootObject = 639D0FE6257F6F2C000AD7C8 /* Project object */;
}
